
Microsoft Visual Studio Solution File, Format Version 12.00
# Visual Studio Version 17
VisualStudioVersion = 17.10.35122.118
MinimumVisualStudioVersion = 10.0.40219.1
Project("{FAE04EC0-301F-11D3-BF4B-00C04F79EFBC}") = "eCommerce.Core", "eCommerce.Core\eCommerce.Core.csproj", "{C5D8C076-D592-4115-8201-43153F257158}"
EndProject
Project("{FAE04EC0-301F-11D3-BF4B-00C04F79EFBC}") = "eCommerce.Infrastructure", "eCommerce.Infrastructure\eCommerce.Infrastructure.csproj", "{F69B9626-EEEF-47FA-B27D-75F01BA0D4CE}"
EndProject
Project("{FAE04EC0-301F-11D3-BF4B-00C04F79EFBC}") = "eCommerce.API", "eCommerce.API\eCommerce.API.csproj", "{6C0D6FF6-5BF2-4A6B-9D20-6E2E62269A48}"
EndProject
Global
	GlobalSection(SolutionConfigurationPlatforms) = preSolution
		Debug|Any CPU = Debug|Any CPU
		Release|Any CPU = Release|Any CPU
	EndGlobalSection
	GlobalSection(ProjectConfigurationPlatforms) = postSolution
		{C5D8C076-D592-4115-8201-43153F257158}.Debug|Any CPU.ActiveCfg = Debug|Any CPU
		{C5D8C076-D592-4115-8201-43153F257158}.Debug|Any CPU.Build.0 = Debug|Any CPU
		{C5D8C076-D592-4115-8201-43153F257158}.Release|Any CPU.ActiveCfg = Release|Any CPU
		{C5D8C076-D592-4115-8201-43153F257158}.Release|Any CPU.Build.0 = Release|Any CPU
		{F69B9626-EEEF-47FA-B27D-75F01BA0D4CE}.Debug|Any CPU.ActiveCfg = Debug|Any CPU
		{F69B9626-EEEF-47FA-B27D-75F01BA0D4CE}.Debug|Any CPU.Build.0 = Debug|Any CPU
		{F69B9626-EEEF-47FA-B27D-75F01BA0D4CE}.Release|Any CPU.ActiveCfg = Release|Any CPU
		{F69B9626-EEEF-47FA-B27D-75F01BA0D4CE}.Release|Any CPU.Build.0 = Release|Any CPU
		{6C0D6FF6-5BF2-4A6B-9D20-6E2E62269A48}.Debug|Any CPU.ActiveCfg = Debug|Any CPU
		{6C0D6FF6-5BF2-4A6B-9D20-6E2E62269A48}.Debug|Any CPU.Build.0 = Debug|Any CPU
		{6C0D6FF6-5BF2-4A6B-9D20-6E2E62269A48}.Release|Any CPU.ActiveCfg = Release|Any CPU
		{6C0D6FF6-5BF2-4A6B-9D20-6E2E62269A48}.Release|Any CPU.Build.0 = Release|Any CPU
	EndGlobalSection
	GlobalSection(SolutionProperties) = preSolution
		HideSolutionNode = FALSE
	EndGlobalSection
	GlobalSection(ExtensibilityGlobals) = postSolution
		SolutionGuid = {DE18C8C0-6FF6-4D07-84FC-1E053632DB25}
	EndGlobalSection
EndGlobal
